
Microsoft Visual Studio Solution File, Format Version 12.00
# Visual Studio Version 17
VisualStudioVersion = 17.0.31903.59
MinimumVisualStudioVersion = 10.0.40219.1
Project("{2150E333-8FDC-42A3-9474-1A3956D46DE8}") = "02-Infrastructure", "02-Infrastructure", "{4B3A297A-2731-4249-B8DB-1FCA2279D297}"
EndProject
Project("{2150E333-8FDC-42A3-9474-1A3956D46DE8}") = "03-EndPoint", "03-EndPoint", "{CC082298-471A-4B33-8172-5D467EBB1491}"
EndProject
Project("{2150E333-8FDC-42A3-9474-1A3956D46DE8}") = "Src", "Src", "{9FE4C0BA-1BB7-44EF-9368-48255FDAC108}"
EndProject
Project("{9A19103F-16F7-4668-BE54-9A1E7A4F7556}") = "App.Infrastructure.DataBase", "Src\App.Infrastructure.DataBase\App.Infrastructure.DataBase.csproj", "{89E17C45-0211-47F0-AA98-083A30F04308}"
EndProject
Project("{2150E333-8FDC-42A3-9474-1A3956D46DE8}") = "01-Domain", "01-Domain", "{60DDEC91-95EB-43D5-AF05-EA21397EC709}"
EndProject
Project("{2150E333-8FDC-42A3-9474-1A3956D46DE8}") = "Core", "Core", "{BA8B5725-971F-44F7-97C2-260C635E5991}"
EndProject
Project("{2150E333-8FDC-42A3-9474-1A3956D46DE8}") = "Services", "Services", "{930836C9-1B24-4E58-82AC-ED4A35E5191F}"
EndProject
Project("{9A19103F-16F7-4668-BE54-9A1E7A4F7556}") = "App.Domain.Core", "Src\App.Domain\App.Domain.Core\App.Domain.Core\App.Domain.Core.csproj", "{F2CA0049-C421-4F51-854D-09885C6BABAB}"
EndProject
Project("{9A19103F-16F7-4668-BE54-9A1E7A4F7556}") = "App.Domain.AppServices", "Src\App.Domain\App.Domain.AppServices\App.Domain.AppServices\App.Domain.AppServices.csproj", "{C8675E9A-299C-4697-8AFF-90CA386F9858}"
EndProject
Project("{9A19103F-16F7-4668-BE54-9A1E7A4F7556}") = "App.Domain.Services", "Src\App.Domain\App.Domain.Services\App.Domain.Services\App.Domain.Services.csproj", "{E085726E-A80A-480D-A7F7-BDB2E797766A}"
EndProject
Project("{9A19103F-16F7-4668-BE54-9A1E7A4F7556}") = "App.EndPoint.ShopUi", "Src\App.EndPoint\App.EndPoint.ShopUi\App.EndPoint.ShopUi.csproj", "{3C02932A-839E-40A0-9879-5D0A6764839D}"
EndProject
Project("{9A19103F-16F7-4668-BE54-9A1E7A4F7556}") = "App.EndPoint.AdminUserUi", "Src\App.EndPoint\App.EndPoint.AdminUserUi\App.EndPoint.AdminUserUi.csproj", "{F81FD2B3-B088-463A-BF0D-4C4CCFC484A0}"
EndProject
Project("{9A19103F-16F7-4668-BE54-9A1E7A4F7556}") = "App.Infrastructure.Repository.Ef", "Src\App.Infrastructure.Repository.Ef\App.Infrastructure.Repository.Ef.csproj", "{21BF6E4A-9D12-4A21-A6E6-C1ACC8709071}"
EndProject
Global
	GlobalSection(SolutionConfigurationPlatforms) = preSolution
		Debug|Any CPU = Debug|Any CPU
		Release|Any CPU = Release|Any CPU
	EndGlobalSection
	GlobalSection(ProjectConfigurationPlatforms) = postSolution
		{89E17C45-0211-47F0-AA98-083A30F04308}.Debug|Any CPU.ActiveCfg = Debug|Any CPU
		{89E17C45-0211-47F0-AA98-083A30F04308}.Debug|Any CPU.Build.0 = Debug|Any CPU
		{89E17C45-0211-47F0-AA98-083A30F04308}.Release|Any CPU.ActiveCfg = Release|Any CPU
		{89E17C45-0211-47F0-AA98-083A30F04308}.Release|Any CPU.Build.0 = Release|Any CPU
		{F2CA0049-C421-4F51-854D-09885C6BABAB}.Debug|Any CPU.ActiveCfg = Debug|Any CPU
		{F2CA0049-C421-4F51-854D-09885C6BABAB}.Debug|Any CPU.Build.0 = Debug|Any CPU
		{F2CA0049-C421-4F51-854D-09885C6BABAB}.Release|Any CPU.ActiveCfg = Release|Any CPU
		{F2CA0049-C421-4F51-854D-09885C6BABAB}.Release|Any CPU.Build.0 = Release|Any CPU
		{C8675E9A-299C-4697-8AFF-90CA386F9858}.Debug|Any CPU.ActiveCfg = Debug|Any CPU
		{C8675E9A-299C-4697-8AFF-90CA386F9858}.Debug|Any CPU.Build.0 = Debug|Any CPU
		{C8675E9A-299C-4697-8AFF-90CA386F9858}.Release|Any CPU.ActiveCfg = Release|Any CPU
		{C8675E9A-299C-4697-8AFF-90CA386F9858}.Release|Any CPU.Build.0 = Release|Any CPU
		{E085726E-A80A-480D-A7F7-BDB2E797766A}.Debug|Any CPU.ActiveCfg = Debug|Any CPU
		{E085726E-A80A-480D-A7F7-BDB2E797766A}.Debug|Any CPU.Build.0 = Debug|Any CPU
		{E085726E-A80A-480D-A7F7-BDB2E797766A}.Release|Any CPU.ActiveCfg = Release|Any CPU
		{E085726E-A80A-480D-A7F7-BDB2E797766A}.Release|Any CPU.Build.0 = Release|Any CPU
		{3C02932A-839E-40A0-9879-5D0A6764839D}.Debug|Any CPU.ActiveCfg = Debug|Any CPU
		{3C02932A-839E-40A0-9879-5D0A6764839D}.Debug|Any CPU.Build.0 = Debug|Any CPU
		{3C02932A-839E-40A0-9879-5D0A6764839D}.Release|Any CPU.ActiveCfg = Release|Any CPU
		{3C02932A-839E-40A0-9879-5D0A6764839D}.Release|Any CPU.Build.0 = Release|Any CPU
		{F81FD2B3-B088-463A-BF0D-4C4CCFC484A0}.Debug|Any CPU.ActiveCfg = Debug|Any CPU
		{F81FD2B3-B088-463A-BF0D-4C4CCFC484A0}.Debug|Any CPU.Build.0 = Debug|Any CPU
		{F81FD2B3-B088-463A-BF0D-4C4CCFC484A0}.Release|Any CPU.ActiveCfg = Release|Any CPU
		{F81FD2B3-B088-463A-BF0D-4C4CCFC484A0}.Release|Any CPU.Build.0 = Release|Any CPU
		{21BF6E4A-9D12-4A21-A6E6-C1ACC8709071}.Debug|Any CPU.ActiveCfg = Debug|Any CPU
		{21BF6E4A-9D12-4A21-A6E6-C1ACC8709071}.Debug|Any CPU.Build.0 = Debug|Any CPU
		{21BF6E4A-9D12-4A21-A6E6-C1ACC8709071}.Release|Any CPU.ActiveCfg = Release|Any CPU
		{21BF6E4A-9D12-4A21-A6E6-C1ACC8709071}.Release|Any CPU.Build.0 = Release|Any CPU
	EndGlobalSection
	GlobalSection(SolutionProperties) = preSolution
		HideSolutionNode = FALSE
	EndGlobalSection
	GlobalSection(NestedProjects) = preSolution
		{4B3A297A-2731-4249-B8DB-1FCA2279D297} = {9FE4C0BA-1BB7-44EF-9368-48255FDAC108}
		{CC082298-471A-4B33-8172-5D467EBB1491} = {9FE4C0BA-1BB7-44EF-9368-48255FDAC108}
		{89E17C45-0211-47F0-AA98-083A30F04308} = {4B3A297A-2731-4249-B8DB-1FCA2279D297}
		{60DDEC91-95EB-43D5-AF05-EA21397EC709} = {9FE4C0BA-1BB7-44EF-9368-48255FDAC108}
		{BA8B5725-971F-44F7-97C2-260C635E5991} = {60DDEC91-95EB-43D5-AF05-EA21397EC709}
		{930836C9-1B24-4E58-82AC-ED4A35E5191F} = {60DDEC91-95EB-43D5-AF05-EA21397EC709}
		{F2CA0049-C421-4F51-854D-09885C6BABAB} = {BA8B5725-971F-44F7-97C2-260C635E5991}
		{C8675E9A-299C-4697-8AFF-90CA386F9858} = {930836C9-1B24-4E58-82AC-ED4A35E5191F}
		{E085726E-A80A-480D-A7F7-BDB2E797766A} = {930836C9-1B24-4E58-82AC-ED4A35E5191F}
		{3C02932A-839E-40A0-9879-5D0A6764839D} = {CC082298-471A-4B33-8172-5D467EBB1491}
		{F81FD2B3-B088-463A-BF0D-4C4CCFC484A0} = {CC082298-471A-4B33-8172-5D467EBB1491}
		{21BF6E4A-9D12-4A21-A6E6-C1ACC8709071} = {4B3A297A-2731-4249-B8DB-1FCA2279D297}
	EndGlobalSection
	GlobalSection(ExtensibilityGlobals) = postSolution
		SolutionGuid = {3039105C-3952-4A67-B859-8B3B26681E2E}
	EndGlobalSection
EndGlobal
