
Microsoft Visual Studio Solution File, Format Version 12.00
# Visual Studio Version 17
VisualStudioVersion = 17.0.31903.59
MinimumVisualStudioVersion = 10.0.40219.1
Project("{2150E333-8FDC-42A3-9474-1A3956D46DE8}") = "01.Infrastructure", "01.Infrastructure", "{4B3A297A-2731-4249-B8DB-1FCA2279D297}"
EndProject
Project("{2150E333-8FDC-42A3-9474-1A3956D46DE8}") = "02.EndPoint", "02.EndPoint", "{CC082298-471A-4B33-8172-5D467EBB1491}"
EndProject
Project("{2150E333-8FDC-42A3-9474-1A3956D46DE8}") = "Src", "Src", "{9FE4C0BA-1BB7-44EF-9368-48255FDAC108}"
EndProject
Project("{FAE04EC0-301F-11D3-BF4B-00C04F79EFBC}") = "App.Infrastructure.DataBase", "Src\App.Infrastructure.DataBase\App.Infrastructure.DataBase.csproj", "{89E17C45-0211-47F0-AA98-083A30F04308}"
EndProject
Project("{FAE04EC0-301F-11D3-BF4B-00C04F79EFBC}") = "App.EndPoint.AdminUi", "Src\App.EndPoint.AdminUi\App.EndPoint.AdminUi.csproj", "{7CA0DAAB-B6AE-477F-A445-69A71BF82453}"
EndProject
Project("{FAE04EC0-301F-11D3-BF4B-00C04F79EFBC}") = "App.EndPoint.UserUi", "Src\App.EndPoint.UserUi\App.EndPoint.UserUi.csproj", "{FBE602F3-F8EF-4FD9-A51F-50BABC166A3D}"
EndProject
Global
	GlobalSection(SolutionConfigurationPlatforms) = preSolution
		Debug|Any CPU = Debug|Any CPU
		Release|Any CPU = Release|Any CPU
	EndGlobalSection
	GlobalSection(ProjectConfigurationPlatforms) = postSolution
		{89E17C45-0211-47F0-AA98-083A30F04308}.Debug|Any CPU.ActiveCfg = Debug|Any CPU
		{89E17C45-0211-47F0-AA98-083A30F04308}.Debug|Any CPU.Build.0 = Debug|Any CPU
		{89E17C45-0211-47F0-AA98-083A30F04308}.Release|Any CPU.ActiveCfg = Release|Any CPU
		{89E17C45-0211-47F0-AA98-083A30F04308}.Release|Any CPU.Build.0 = Release|Any CPU
		{7CA0DAAB-B6AE-477F-A445-69A71BF82453}.Debug|Any CPU.ActiveCfg = Debug|Any CPU
		{7CA0DAAB-B6AE-477F-A445-69A71BF82453}.Debug|Any CPU.Build.0 = Debug|Any CPU
		{7CA0DAAB-B6AE-477F-A445-69A71BF82453}.Release|Any CPU.ActiveCfg = Release|Any CPU
		{7CA0DAAB-B6AE-477F-A445-69A71BF82453}.Release|Any CPU.Build.0 = Release|Any CPU
		{FBE602F3-F8EF-4FD9-A51F-50BABC166A3D}.Debug|Any CPU.ActiveCfg = Debug|Any CPU
		{FBE602F3-F8EF-4FD9-A51F-50BABC166A3D}.Debug|Any CPU.Build.0 = Debug|Any CPU
		{FBE602F3-F8EF-4FD9-A51F-50BABC166A3D}.Release|Any CPU.ActiveCfg = Release|Any CPU
		{FBE602F3-F8EF-4FD9-A51F-50BABC166A3D}.Release|Any CPU.Build.0 = Release|Any CPU
	EndGlobalSection
	GlobalSection(SolutionProperties) = preSolution
		HideSolutionNode = FALSE
	EndGlobalSection
	GlobalSection(NestedProjects) = preSolution
		{4B3A297A-2731-4249-B8DB-1FCA2279D297} = {9FE4C0BA-1BB7-44EF-9368-48255FDAC108}
		{CC082298-471A-4B33-8172-5D467EBB1491} = {9FE4C0BA-1BB7-44EF-9368-48255FDAC108}
		{89E17C45-0211-47F0-AA98-083A30F04308} = {4B3A297A-2731-4249-B8DB-1FCA2279D297}
		{7CA0DAAB-B6AE-477F-A445-69A71BF82453} = {CC082298-471A-4B33-8172-5D467EBB1491}
		{FBE602F3-F8EF-4FD9-A51F-50BABC166A3D} = {CC082298-471A-4B33-8172-5D467EBB1491}
	EndGlobalSection
	GlobalSection(ExtensibilityGlobals) = postSolution
		SolutionGuid = {3039105C-3952-4A67-B859-8B3B26681E2E}
	EndGlobalSection
EndGlobal
